
Microsoft Visual Studio Solution File, Format Version 12.00
# Visual Studio Version 17
Project("{8BC9CEB8-8B4A-11D0-8D11-00A0C91BC942}") = "ALL_BUILD", "ALL_BUILD.vcxproj", "{A892C728-21C7-394C-85AB-2A72552FBD3F}"
	ProjectSection(ProjectDependencies) = postProject
		{9DD480E9-9EC1-3C09-AC0C-76C619F4BBD9} = {9DD480E9-9EC1-3C09-AC0C-76C619F4BBD9}
		{1EB98472-77CF-3C32-86BE-4E4A291FA07B} = {1EB98472-77CF-3C32-86BE-4E4A291FA07B}
		{078BE562-7DBC-39EE-8048-93F5888B579C} = {078BE562-7DBC-39EE-8048-93F5888B579C}
	EndProjectSection
EndProject
Project("{8BC9CEB8-8B4A-11D0-8D11-00A0C91BC942}") = "CoreAI3D", "CoreAI3D\CoreAI3D.vcxproj", "{9DD480E9-9EC1-3C09-AC0C-76C619F4BBD9}"
	ProjectSection(ProjectDependencies) = postProject
		{1EB98472-77CF-3C32-86BE-4E4A291FA07B} = {1EB98472-77CF-3C32-86BE-4E4A291FA07B}
	EndProjectSection
EndProject
Project("{8BC9CEB8-8B4A-11D0-8D11-00A0C91BC942}") = "ZERO_CHECK", "ZERO_CHECK.vcxproj", "{1EB98472-77CF-3C32-86BE-4E4A291FA07B}"
	ProjectSection(ProjectDependencies) = postProject
	EndProjectSection
EndProject
Project("{8BC9CEB8-8B4A-11D0-8D11-00A0C91BC942}") = "sync_to_wsl", "CoreAI3D\sync_to_wsl.vcxproj", "{078BE562-7DBC-39EE-8048-93F5888B579C}"
	ProjectSection(ProjectDependencies) = postProject
		{1EB98472-77CF-3C32-86BE-4E4A291FA07B} = {1EB98472-77CF-3C32-86BE-4E4A291FA07B}
	EndProjectSection
EndProject
Global
	GlobalSection(SolutionConfigurationPlatforms) = preSolution
		Debug|x64 = Debug|x64
		Release|x64 = Release|x64
		MinSizeRel|x64 = MinSizeRel|x64
		RelWithDebInfo|x64 = RelWithDebInfo|x64
	EndGlobalSection
	GlobalSection(ProjectConfigurationPlatforms) = postSolution
		{A892C728-21C7-394C-85AB-2A72552FBD3F}.Debug|x64.ActiveCfg = Debug|x64
		{A892C728-21C7-394C-85AB-2A72552FBD3F}.Release|x64.ActiveCfg = Release|x64
		{A892C728-21C7-394C-85AB-2A72552FBD3F}.MinSizeRel|x64.ActiveCfg = MinSizeRel|x64
		{A892C728-21C7-394C-85AB-2A72552FBD3F}.RelWithDebInfo|x64.ActiveCfg = RelWithDebInfo|x64
		{9DD480E9-9EC1-3C09-AC0C-76C619F4BBD9}.Debug|x64.ActiveCfg = Debug|x64
		{9DD480E9-9EC1-3C09-AC0C-76C619F4BBD9}.Debug|x64.Build.0 = Debug|x64
		{9DD480E9-9EC1-3C09-AC0C-76C619F4BBD9}.Release|x64.ActiveCfg = Release|x64
		{9DD480E9-9EC1-3C09-AC0C-76C619F4BBD9}.Release|x64.Build.0 = Release|x64
		{9DD480E9-9EC1-3C09-AC0C-76C619F4BBD9}.MinSizeRel|x64.ActiveCfg = MinSizeRel|x64
		{9DD480E9-9EC1-3C09-AC0C-76C619F4BBD9}.MinSizeRel|x64.Build.0 = MinSizeRel|x64
		{9DD480E9-9EC1-3C09-AC0C-76C619F4BBD9}.RelWithDebInfo|x64.ActiveCfg = RelWithDebInfo|x64
		{9DD480E9-9EC1-3C09-AC0C-76C619F4BBD9}.RelWithDebInfo|x64.Build.0 = RelWithDebInfo|x64
		{1EB98472-77CF-3C32-86BE-4E4A291FA07B}.Debug|x64.ActiveCfg = Debug|x64
		{1EB98472-77CF-3C32-86BE-4E4A291FA07B}.Debug|x64.Build.0 = Debug|x64
		{1EB98472-77CF-3C32-86BE-4E4A291FA07B}.Release|x64.ActiveCfg = Release|x64
		{1EB98472-77CF-3C32-86BE-4E4A291FA07B}.Release|x64.Build.0 = Release|x64
		{1EB98472-77CF-3C32-86BE-4E4A291FA07B}.MinSizeRel|x64.ActiveCfg = MinSizeRel|x64
		{1EB98472-77CF-3C32-86BE-4E4A291FA07B}.MinSizeRel|x64.Build.0 = MinSizeRel|x64
		{1EB98472-77CF-3C32-86BE-4E4A291FA07B}.RelWithDebInfo|x64.ActiveCfg = RelWithDebInfo|x64
		{1EB98472-77CF-3C32-86BE-4E4A291FA07B}.RelWithDebInfo|x64.Build.0 = RelWithDebInfo|x64
		{078BE562-7DBC-39EE-8048-93F5888B579C}.Debug|x64.ActiveCfg = Debug|x64
		{078BE562-7DBC-39EE-8048-93F5888B579C}.Debug|x64.Build.0 = Debug|x64
		{078BE562-7DBC-39EE-8048-93F5888B579C}.Release|x64.ActiveCfg = Release|x64
		{078BE562-7DBC-39EE-8048-93F5888B579C}.Release|x64.Build.0 = Release|x64
		{078BE562-7DBC-39EE-8048-93F5888B579C}.MinSizeRel|x64.ActiveCfg = MinSizeRel|x64
		{078BE562-7DBC-39EE-8048-93F5888B579C}.MinSizeRel|x64.Build.0 = MinSizeRel|x64
		{078BE562-7DBC-39EE-8048-93F5888B579C}.RelWithDebInfo|x64.ActiveCfg = RelWithDebInfo|x64
		{078BE562-7DBC-39EE-8048-93F5888B579C}.RelWithDebInfo|x64.Build.0 = RelWithDebInfo|x64
	EndGlobalSection
	GlobalSection(ExtensibilityGlobals) = postSolution
		SolutionGuid = {3427FA12-BA07-3E06-986C-2FFE92CD9124}
	EndGlobalSection
	GlobalSection(ExtensibilityAddIns) = postSolution
	EndGlobalSection
EndGlobal
